Microsoft Visual Studio Solution File, Format Version 12.00
Project("{FAE04EC0-301F-11D3-BF4B-00C04F79EFBC}") = "Jellyfin.Plugin.Lyrics", "Jellyfin.Plugin.Lyrics\Jellyfin.Plugin.Lyrics.csproj", "{97FC037F-A612-493C-B99C-DDED100C3433}"
EndProject
Global
	GlobalSection(SolutionConfigurationPlatforms) = preSolution
		Debug|Any CPU = Debug|Any CPU
		Release|Any CPU = Release|Any CPU
	EndGlobalSection
	GlobalSection(ProjectConfigurationPlatforms) = postSolution
		{97FC037F-A612-493C-B99C-DDED100C3433}.Debug|Any CPU.ActiveCfg = Debug|Any CPU
		{97FC037F-A612-493C-B99C-DDED100C3433}.Debug|Any CPU.Build.0 = Debug|Any CPU
		{97FC037F-A612-493C-B99C-DDED100C3433}.Release|Any CPU.ActiveCfg = Release|Any CPU
		{97FC037F-A612-493C-B99C-DDED100C3433}.Release|Any CPU.Build.0 = Release|Any CPU
	EndGlobalSection
EndGlobal